// !$*UTF8*$!
{
	archiveVersion = 1;
	classes = {
	};
	objectVersion = 45;
	objects = {

/* Begin PBXBuildFile section */
		170F6A230EC423C100649B85 /* URLHandlers.cpp in Sources */ = {isa = PBXBuildFile; fileRef = 170F6A220EC423C100649B85 /* URLHandlers.cpp */; };
		170F6A280EC4240400649B85 /* MushiServer.cpp in Sources */ = {isa = PBXBuildFile; fileRef = 170F6A270EC4240400649B85 /* MushiServer.cpp */; };
		170F6AFE0EC42A0100649B85 /* sqlite3.c in Sources */ = {isa = PBXBuildFile; fileRef = 170F6AFB0EC42A0100649B85 /* sqlite3.c */; };
		170F6B850EC4325100649B85 /* MushiDB.cpp in Sources */ = {isa = PBXBuildFile; fileRef = 170F6B840EC4325100649B85 /* MushiDB.cpp */; };
		170F6BEC0EC4373400649B85 /* MushiDBResult.cpp in Sources */ = {isa = PBXBuildFile; fileRef = 170F6BEB0EC4373400649B85 /* MushiDBResult.cpp */; };
		170F6CF20EC4C1C500649B85 /* json_reader.cpp in Sources */ = {isa = PBXBuildFile; fileRef = 170F6CEC0EC4C1C500649B85 /* json_reader.cpp */; };
		170F6CF30EC4C1C500649B85 /* json_value.cpp in Sources */ = {isa = PBXBuildFile; fileRef = 170F6CED0EC4C1C500649B85 /* json_value.cpp */; };
		170F6CF40EC4C1C500649B85 /* json_writer.cpp in Sources */ = {isa = PBXBuildFile; fileRef = 170F6CEF0EC4C1C500649B85 /* json_writer.cpp */; };
		174AF35A0EC4C833004C63A5 /* MushiSetup.cpp in Sources */ = {isa = PBXBuildFile; fileRef = 174AF3590EC4C833004C63A5 /* MushiSetup.cpp */; };
		174AF4050EC4E646004C63A5 /* MushiConfig.cpp in Sources */ = {isa = PBXBuildFile; fileRef = 174AF4040EC4E646004C63A5 /* MushiConfig.cpp */; };
		174AF5A30EC5147A004C63A5 /* MushiCommand.cpp in Sources */ = {isa = PBXBuildFile; fileRef = 174AF5A20EC5147A004C63A5 /* MushiCommand.cpp */; };
		176750F30ED377CA00917CDC /* FindTaskCommand.cpp in Sources */ = {isa = PBXBuildFile; fileRef = 176750F20ED377CA00917CDC /* FindTaskCommand.cpp */; };
		177F11320EC903D1000A07B6 /* AddTaskCommand.cpp in Sources */ = {isa = PBXBuildFile; fileRef = 177F11310EC903D1000A07B6 /* AddTaskCommand.cpp */; };
		177F11DF0EC90DA8000A07B6 /* MushiSession.cpp in Sources */ = {isa = PBXBuildFile; fileRef = 177F11DE0EC90DA8000A07B6 /* MushiSession.cpp */; };
		1795A9060EC536D00071BA83 /* utils.cpp in Sources */ = {isa = PBXBuildFile; fileRef = 1795A9050EC536D00071BA83 /* utils.cpp */; };
		17BF1DF80F1E78360072F8D1 /* EditTaskCommand.cpp in Sources */ = {isa = PBXBuildFile; fileRef = 17BF1DF70F1E78360072F8D1 /* EditTaskCommand.cpp */; };
		17E99AF20F0AC349003E2085 /* mongoose.c in Sources */ = {isa = PBXBuildFile; fileRef = 17E99AF00F0AC349003E2085 /* mongoose.c */; };
		17ED78A60F2512F50001CCEE /* DeleteTaskCommand.cpp in Sources */ = {isa = PBXBuildFile; fileRef = 17ED78A50F2512F50001CCEE /* DeleteTaskCommand.cpp */; };
		8DD76F650486A84900D96B5E /* main.cpp in Sources */ = {isa = PBXBuildFile; fileRef = 08FB7796FE84155DC02AAC07 /* main.cpp */; settings = {ATTRIBUTES = (); }; };
		8DD76F6A0486A84900D96B5E /* server.1 in CopyFiles */ = {isa = PBXBuildFile; fileRef = C6859E8B029090EE04C91782 /* server.1 */; };
/* End PBXBuildFile section */

/* Begin PBXCopyFilesBuildPhase section */
		8DD76F690486A84900D96B5E /* CopyFiles */ = {
			isa = PBXCopyFilesBuildPhase;
			buildActionMask = 8;
			dstPath = /usr/share/man/man1/;
			dstSubfolderSpec = 0;
			files = (
				8DD76F6A0486A84900D96B5E /* server.1 in CopyFiles */,
			);
			runOnlyForDeploymentPostprocessing = 1;
		};
/* End PBXCopyFilesBuildPhase section */

/* Begin PBXFileReference section */
		08FB7796FE84155DC02AAC07 /* main.cpp */ = {isa = PBXFileReference; fileEncoding = 4; lastKnownFileType = sourcecode.cpp.cpp; path = main.cpp; sourceTree = "<group>"; };
		170F69B40EC41BEF00649B85 /* MushiServer.h */ = {isa = PBXFileReference; fileEncoding = 4; lastKnownFileType = sourcecode.c.h; path = MushiServer.h; sourceTree = "<group>"; };
		170F6A210EC423C100649B85 /* URLHandlers.h */ = {isa = PBXFileReference; fileEncoding = 4; lastKnownFileType = sourcecode.c.h; path = URLHandlers.h; sourceTree = "<group>"; };
		170F6A220EC423C100649B85 /* URLHandlers.cpp */ = {isa = PBXFileReference; fileEncoding = 4; lastKnownFileType = sourcecode.cpp.cpp; path = URLHandlers.cpp; sourceTree = "<group>"; };
		170F6A270EC4240400649B85 /* MushiServer.cpp */ = {isa = PBXFileReference; fileEncoding = 4; lastKnownFileType = sourcecode.cpp.cpp; path = MushiServer.cpp; sourceTree = "<group>"; };
		170F6AFB0EC42A0100649B85 /* sqlite3.c */ = {isa = PBXFileReference; fileEncoding = 7; lastKnownFileType = sourcecode.c.c; path = sqlite3.c; sourceTree = SOURCE_ROOT; };
		170F6AFC0EC42A0100649B85 /* sqlite3.h */ = {isa = PBXFileReference; fileEncoding = 7; lastKnownFileType = sourcecode.c.h; path = sqlite3.h; sourceTree = SOURCE_ROOT; };
		170F6B830EC4325100649B85 /* MushiDB.h */ = {isa = PBXFileReference; fileEncoding = 4; lastKnownFileType = sourcecode.c.h; path = MushiDB.h; sourceTree = "<group>"; };
		170F6B840EC4325100649B85 /* MushiDB.cpp */ = {isa = PBXFileReference; fileEncoding = 4; lastKnownFileType = sourcecode.cpp.cpp; path = MushiDB.cpp; sourceTree = "<group>"; };
		170F6BEA0EC4373400649B85 /* MushiDBResult.h */ = {isa = PBXFileReference; fileEncoding = 4; lastKnownFileType = sourcecode.c.h; path = MushiDBResult.h; sourceTree = "<group>"; };
		170F6BEB0EC4373400649B85 /* MushiDBResult.cpp */ = {isa = PBXFileReference; fileEncoding = 4; lastKnownFileType = sourcecode.cpp.cpp; path = MushiDBResult.cpp; sourceTree = "<group>"; };
		170F6CE90EC4C1C500649B85 /* json_batchallocator.h */ = {isa = PBXFileReference; fileEncoding = 7; lastKnownFileType = sourcecode.c.h; name = json_batchallocator.h; path = ../lib_json/json_batchallocator.h; sourceTree = SOURCE_ROOT; };
		170F6CEA0EC4C1C500649B85 /* json_internalarray.inl */ = {isa = PBXFileReference; fileEncoding = 7; lastKnownFileType = text; name = json_internalarray.inl; path = ../lib_json/json_internalarray.inl; sourceTree = SOURCE_ROOT; };
		170F6CEB0EC4C1C500649B85 /* json_internalmap.inl */ = {isa = PBXFileReference; fileEncoding = 7; lastKnownFileType = text; name = json_internalmap.inl; path = ../lib_json/json_internalmap.inl; sourceTree = SOURCE_ROOT; };
		170F6CEC0EC4C1C500649B85 /* json_reader.cpp */ = {isa = PBXFileReference; fileEncoding = 7; lastKnownFileType = sourcecode.cpp.cpp; name = json_reader.cpp; path = ../lib_json/json_reader.cpp; sourceTree = SOURCE_ROOT; };
		170F6CED0EC4C1C500649B85 /* json_value.cpp */ = {isa = PBXFileReference; fileEncoding = 7; lastKnownFileType = sourcecode.cpp.cpp; name = json_value.cpp; path = ../lib_json/json_value.cpp; sourceTree = SOURCE_ROOT; };
		170F6CEE0EC4C1C500649B85 /* json_valueiterator.inl */ = {isa = PBXFileReference; fileEncoding = 7; lastKnownFileType = text; name = json_valueiterator.inl; path = ../lib_json/json_valueiterator.inl; sourceTree = SOURCE_ROOT; };
		170F6CEF0EC4C1C500649B85 /* json_writer.cpp */ = {isa = PBXFileReference; fileEncoding = 7; lastKnownFileType = sourcecode.cpp.cpp; name = json_writer.cpp; path = ../lib_json/json_writer.cpp; sourceTree = SOURCE_ROOT; };
		170F6CF00EC4C1C500649B85 /* lib_json.vcproj */ = {isa = PBXFileReference; fileEncoding = 7; lastKnownFileType = text.xml; name = lib_json.vcproj; path = ../lib_json/lib_json.vcproj; sourceTree = SOURCE_ROOT; };
		170F6CF10EC4C1C500649B85 /* sconscript */ = {isa = PBXFileReference; fileEncoding = 7; lastKnownFileType = text; name = sconscript; path = ../lib_json/sconscript; sourceTree = SOURCE_ROOT; };
		174AF3580EC4C833004C63A5 /* MushiSetup.h */ = {isa = PBXFileReference; fileEncoding = 4; lastKnownFileType = sourcecode.c.h; path = MushiSetup.h; sourceTree = "<group>"; };
		174AF3590EC4C833004C63A5 /* MushiSetup.cpp */ = {isa = PBXFileReference; fileEncoding = 4; lastKnownFileType = sourcecode.cpp.cpp; path = MushiSetup.cpp; sourceTree = "<group>"; };
		174AF4030EC4E646004C63A5 /* MushiConfig.h */ = {isa = PBXFileReference; fileEncoding = 4; lastKnownFileType = sourcecode.c.h; path = MushiConfig.h; sourceTree = "<group>"; };
		174AF4040EC4E646004C63A5 /* MushiConfig.cpp */ = {isa = PBXFileReference; fileEncoding = 4; lastKnownFileType = sourcecode.cpp.cpp; path = MushiConfig.cpp; sourceTree = "<group>"; };
		174AF5A10EC5147A004C63A5 /* MushiCommand.h */ = {isa = PBXFileReference; fileEncoding = 4; lastKnownFileType = sourcecode.c.h; path = MushiCommand.h; sourceTree = "<group>"; };
		174AF5A20EC5147A004C63A5 /* MushiCommand.cpp */ = {isa = PBXFileReference; fileEncoding = 4; lastKnownFileType = sourcecode.cpp.cpp; path = MushiCommand.cpp; sourceTree = "<group>"; };
		176750F10ED377CA00917CDC /* FindTaskCommand.h */ = {isa = PBXFileReference; fileEncoding = 4; lastKnownFileType = sourcecode.c.h; path = FindTaskCommand.h; sourceTree = "<group>"; };
		176750F20ED377CA00917CDC /* FindTaskCommand.cpp */ = {isa = PBXFileReference; fileEncoding = 4; lastKnownFileType = sourcecode.cpp.cpp; path = FindTaskCommand.cpp; sourceTree = "<group>"; };
		177F11300EC903D1000A07B6 /* AddTaskCommand.h */ = {isa = PBXFileReference; fileEncoding = 4; lastKnownFileType = sourcecode.c.h; path = AddTaskCommand.h; sourceTree = "<group>"; };
		177F11310EC903D1000A07B6 /* AddTaskCommand.cpp */ = {isa = PBXFileReference; fileEncoding = 4; lastKnownFileType = sourcecode.cpp.cpp; path = AddTaskCommand.cpp; sourceTree = "<group>"; };
		177F11DD0EC90DA8000A07B6 /* MushiSession.h */ = {isa = PBXFileReference; fileEncoding = 4; lastKnownFileType = sourcecode.c.h; path = MushiSession.h; sourceTree = "<group>"; };
		177F11DE0EC90DA8000A07B6 /* MushiSession.cpp */ = {isa = PBXFileReference; fileEncoding = 4; lastKnownFileType = sourcecode.cpp.cpp; path = MushiSession.cpp; sourceTree = "<group>"; };
		177F12540EC9167B000A07B6 /* autolink.h */ = {isa = PBXFileReference; fileEncoding = 7; lastKnownFileType = sourcecode.c.h; path = autolink.h; sourceTree = "<group>"; };
		177F12550EC9167B000A07B6 /* config.h */ = {isa = PBXFileReference; fileEncoding = 7; lastKnownFileType = sourcecode.c.h; path = config.h; sourceTree = "<group>"; };
		177F12560EC9167B000A07B6 /* forwards.h */ = {isa = PBXFileReference; fileEncoding = 7; lastKnownFileType = sourcecode.c.h; path = forwards.h; sourceTree = "<group>"; };
		177F12570EC9167B000A07B6 /* json.h */ = {isa = PBXFileReference; fileEncoding = 7; lastKnownFileType = sourcecode.c.h; path = json.h; sourceTree = "<group>"; };
		177F12580EC9167B000A07B6 /* reader.h */ = {isa = PBXFileReference; fileEncoding = 7; lastKnownFileType = sourcecode.c.h; path = reader.h; sourceTree = "<group>"; };
		177F12590EC9167B000A07B6 /* value.h */ = {isa = PBXFileReference; fileEncoding = 7; lastKnownFileType = sourcecode.c.h; path = value.h; sourceTree = "<group>"; };
		177F125A0EC9167B000A07B6 /* writer.h */ = {isa = PBXFileReference; fileEncoding = 7; lastKnownFileType = sourcecode.c.h; path = writer.h; sourceTree = "<group>"; };
		1795A9040EC536D00071BA83 /* utils.h */ = {isa = PBXFileReference; fileEncoding = 4; lastKnownFileType = sourcecode.c.h; path = utils.h; sourceTree = "<group>"; };
		1795A9050EC536D00071BA83 /* utils.cpp */ = {isa = PBXFileReference; fileEncoding = 4; lastKnownFileType = sourcecode.cpp.cpp; path = utils.cpp; sourceTree = "<group>"; };
		17BF1DF60F1E78360072F8D1 /* EditTaskCommand.h */ = {isa = PBXFileReference; fileEncoding = 4; lastKnownFileType = sourcecode.c.h; path = EditTaskCommand.h; sourceTree = "<group>"; };
		17BF1DF70F1E78360072F8D1 /* EditTaskCommand.cpp */ = {isa = PBXFileReference; fileEncoding = 4; lastKnownFileType = sourcecode.cpp.cpp; path = EditTaskCommand.cpp; sourceTree = "<group>"; };
		17E99AF00F0AC349003E2085 /* mongoose.c */ = {isa = PBXFileReference; fileEncoding = 7; lastKnownFileType = sourcecode.c.c; path = mongoose.c; sourceTree = "<group>"; };
		17E99AF10F0AC349003E2085 /* mongoose.h */ = {isa = PBXFileReference; fileEncoding = 7; lastKnownFileType = sourcecode.c.h; path = mongoose.h; sourceTree = "<group>"; };
		17ED78A40F2512F50001CCEE /* DeleteTaskCommand.h */ = {isa = PBXFileReference; fileEncoding = 4; lastKnownFileType = sourcecode.c.h; path = DeleteTaskCommand.h; sourceTree = "<group>"; };
		17ED78A50F2512F50001CCEE /* DeleteTaskCommand.cpp */ = {isa = PBXFileReference; fileEncoding = 4; lastKnownFileType = sourcecode.cpp.cpp; path = DeleteTaskCommand.cpp; sourceTree = "<group>"; };
		8DD76F6C0486A84900D96B5E /* mushiServer */ = {isa = PBXFileReference; explicitFileType = "compiled.mach-o.executable"; includeInIndex = 0; path = mushiServer; sourceTree = BUILT_PRODUCTS_DIR; };
		C6859E8B029090EE04C91782 /* server.1 */ = {isa = PBXFileReference; lastKnownFileType = text.man; path = server.1; sourceTree = "<group>"; };
/* End PBXFileReference section */

/* Begin PBXFrameworksBuildPhase section */
		8DD76F660486A84900D96B5E /* Frameworks */ = {
			isa = PBXFrameworksBuildPhase;
			buildActionMask = 2147483647;
			files = (
			);
			runOnlyForDeploymentPostprocessing = 0;
		};
/* End PBXFrameworksBuildPhase section */

/* Begin PBXGroup section */
		08FB7794FE84155DC02AAC07 /* server */ = {
			isa = PBXGroup;
			children = (
				08FB7795FE84155DC02AAC07 /* Source */,
				C6859E8C029090F304C91782 /* Documentation */,
				1AB674ADFE9D54B511CA2CBB /* Products */,
			);
			name = server;
			sourceTree = "<group>";
		};
		08FB7795FE84155DC02AAC07 /* Source */ = {
			isa = PBXGroup;
			children = (
				17E99AF00F0AC349003E2085 /* mongoose.c */,
				17E99AF10F0AC349003E2085 /* mongoose.h */,
				177F11DD0EC90DA8000A07B6 /* MushiSession.h */,
				177F11DE0EC90DA8000A07B6 /* MushiSession.cpp */,
				177F112F0EC903B8000A07B6 /* commands */,
				174AF5A10EC5147A004C63A5 /* MushiCommand.h */,
				174AF5A20EC5147A004C63A5 /* MushiCommand.cpp */,
				174AF4030EC4E646004C63A5 /* MushiConfig.h */,
				174AF4040EC4E646004C63A5 /* MushiConfig.cpp */,
				170F6BEA0EC4373400649B85 /* MushiDBResult.h */,
				170F6BEB0EC4373400649B85 /* MushiDBResult.cpp */,
				170F6B830EC4325100649B85 /* MushiDB.h */,
				170F6B840EC4325100649B85 /* MushiDB.cpp */,
				174AF3580EC4C833004C63A5 /* MushiSetup.h */,
				174AF3590EC4C833004C63A5 /* MushiSetup.cpp */,
				170F6CE00EC4C1C500649B85 /* lib_json */,
				08FB7796FE84155DC02AAC07 /* main.cpp */,
				170F6AFB0EC42A0100649B85 /* sqlite3.c */,
				170F6AFC0EC42A0100649B85 /* sqlite3.h */,
				170F6A270EC4240400649B85 /* MushiServer.cpp */,
				170F69B40EC41BEF00649B85 /* MushiServer.h */,
				1795A9040EC536D00071BA83 /* utils.h */,
				1795A9050EC536D00071BA83 /* utils.cpp */,
				170F6A210EC423C100649B85 /* URLHandlers.h */,
				170F6A220EC423C100649B85 /* URLHandlers.cpp */,
			);
			name = Source;
			sourceTree = "<group>";
		};
		170F6CE00EC4C1C500649B85 /* lib_json */ = {
			isa = PBXGroup;
			children = (
				177F12540EC9167B000A07B6 /* autolink.h */,
				177F12550EC9167B000A07B6 /* config.h */,
				177F12560EC9167B000A07B6 /* forwards.h */,
				177F12570EC9167B000A07B6 /* json.h */,
				177F12580EC9167B000A07B6 /* reader.h */,
				177F12590EC9167B000A07B6 /* value.h */,
				177F125A0EC9167B000A07B6 /* writer.h */,
				170F6CE90EC4C1C500649B85 /* json_batchallocator.h */,
				170F6CEA0EC4C1C500649B85 /* json_internalarray.inl */,
				170F6CEB0EC4C1C500649B85 /* json_internalmap.inl */,
				170F6CEC0EC4C1C500649B85 /* json_reader.cpp */,
				170F6CED0EC4C1C500649B85 /* json_value.cpp */,
				170F6CEE0EC4C1C500649B85 /* json_valueiterator.inl */,
				170F6CEF0EC4C1C500649B85 /* json_writer.cpp */,
				170F6CF00EC4C1C500649B85 /* lib_json.vcproj */,
				170F6CF10EC4C1C500649B85 /* sconscript */,
			);
			name = lib_json;
			path = ../lib_json;
			sourceTree = SOURCE_ROOT;
		};
		177F112F0EC903B8000A07B6 /* commands */ = {
			isa = PBXGroup;
			children = (
				177F11300EC903D1000A07B6 /* AddTaskCommand.h */,
				177F11310EC903D1000A07B6 /* AddTaskCommand.cpp */,
				176750F10ED377CA00917CDC /* FindTaskCommand.h */,
				176750F20ED377CA00917CDC /* FindTaskCommand.cpp */,
				17BF1DF60F1E78360072F8D1 /* EditTaskCommand.h */,
				17BF1DF70F1E78360072F8D1 /* EditTaskCommand.cpp */,
				17ED78A40F2512F50001CCEE /* DeleteTaskCommand.h */,
				17ED78A50F2512F50001CCEE /* DeleteTaskCommand.cpp */,
			);
			path = commands;
			sourceTree = "<group>";
		};
		1AB674ADFE9D54B511CA2CBB /* Products */ = {
			isa = PBXGroup;
			children = (
				8DD76F6C0486A84900D96B5E /* mushiServer */,
			);
			name = Products;
			sourceTree = "<group>";
		};
		C6859E8C029090F304C91782 /* Documentation */ = {
			isa = PBXGroup;
			children = (
				C6859E8B029090EE04C91782 /* server.1 */,
			);
			name = Documentation;
			sourceTree = "<group>";
		};
/* End PBXGroup section */

/* Begin PBXNativeTarget section */
		8DD76F620486A84900D96B5E /* mushiServer */ = {
			isa = PBXNativeTarget;
			buildConfigurationList = 1DEB923108733DC60010E9CD /* Build configuration list for PBXNativeTarget "mushiServer" */;
			buildPhases = (
				8DD76F640486A84900D96B5E /* Sources */,
				8DD76F660486A84900D96B5E /* Frameworks */,
				8DD76F690486A84900D96B5E /* CopyFiles */,
			);
			buildRules = (
			);
			dependencies = (
			);
			name = mushiServer;
			productInstallPath = "$(HOME)/bin";
			productName = server;
			productReference = 8DD76F6C0486A84900D96B5E /* mushiServer */;
			productType = "com.apple.product-type.tool";
		};
/* End PBXNativeTarget section */

/* Begin PBXProject section */
		08FB7793FE84155DC02AAC07 /* Project object */ = {
			isa = PBXProject;
			buildConfigurationList = 1DEB923508733DC60010E9CD /* Build configuration list for PBXProject "server" */;
			compatibilityVersion = "Xcode 3.1";
			hasScannedForEncodings = 1;
			mainGroup = 08FB7794FE84155DC02AAC07 /* server */;
			projectDirPath = "";
			projectRoot = "";
			targets = (
				8DD76F620486A84900D96B5E /* mushiServer */,
			);
		};
/* End PBXProject section */

/* Begin PBXSourcesBuildPhase section */
		8DD76F640486A84900D96B5E /* Sources */ = {
			isa = PBXSourcesBuildPhase;
			buildActionMask = 2147483647;
			files = (
				8DD76F650486A84900D96B5E /* main.cpp in Sources */,
				170F6A230EC423C100649B85 /* URLHandlers.cpp in Sources */,
				170F6A280EC4240400649B85 /* MushiServer.cpp in Sources */,
				170F6AFE0EC42A0100649B85 /* sqlite3.c in Sources */,
				170F6B850EC4325100649B85 /* MushiDB.cpp in Sources */,
				170F6BEC0EC4373400649B85 /* MushiDBResult.cpp in Sources */,
				170F6CF20EC4C1C500649B85 /* json_reader.cpp in Sources */,
				170F6CF30EC4C1C500649B85 /* json_value.cpp in Sources */,
				170F6CF40EC4C1C500649B85 /* json_writer.cpp in Sources */,
				174AF35A0EC4C833004C63A5 /* MushiSetup.cpp in Sources */,
				174AF4050EC4E646004C63A5 /* MushiConfig.cpp in Sources */,
				174AF5A30EC5147A004C63A5 /* MushiCommand.cpp in Sources */,
				1795A9060EC536D00071BA83 /* utils.cpp in Sources */,
				177F11320EC903D1000A07B6 /* AddTaskCommand.cpp in Sources */,
				177F11DF0EC90DA8000A07B6 /* MushiSession.cpp in Sources */,
				176750F30ED377CA00917CDC /* FindTaskCommand.cpp in Sources */,
				17E99AF20F0AC349003E2085 /* mongoose.c in Sources */,
				17BF1DF80F1E78360072F8D1 /* EditTaskCommand.cpp in Sources */,
				17ED78A60F2512F50001CCEE /* DeleteTaskCommand.cpp in Sources */,
			);
			runOnlyForDeploymentPostprocessing = 0;
		};
/* End PBXSourcesBuildPhase section */

/* Begin XCBuildConfiguration section */
		1DEB923208733DC60010E9CD /* Debug */ = {
			isa = XCBuildConfiguration;
			buildSettings = {
				ALWAYS_SEARCH_USER_PATHS = NO;
				COPY_PHASE_STRIP = NO;
				GCC_DYNAMIC_NO_PIC = NO;
				GCC_ENABLE_FIX_AND_CONTINUE = YES;
				GCC_MODEL_TUNING = G5;
				GCC_OPTIMIZATION_LEVEL = 0;
				GCC_PREPROCESSOR_DEFINITIONS = (
					"_GLIBCXX_DEBUG=1",
					"_GLIBCXX_DEBUG_PEDANTIC=1",
				);
				INSTALL_PATH = /usr/local/bin;
				LIBRARY_SEARCH_PATHS = (
					"$(inherited)",
					"\"$(SRCROOT)/../shttpd\"",
				);
				PRODUCT_NAME = mushiServer;
			};
			name = Debug;
		};
		1DEB923308733DC60010E9CD /* Release */ = {
			isa = XCBuildConfiguration;
			buildSettings = {
				ALWAYS_SEARCH_USER_PATHS = NO;
				DEBUG_INFORMATION_FORMAT = "dwarf-with-dsym";
				GCC_MODEL_TUNING = G5;
				INSTALL_PATH = /usr/local/bin;
				LIBRARY_SEARCH_PATHS = (
					"$(inherited)",
					"\"$(SRCROOT)/../shttpd\"",
				);
				PRODUCT_NAME = server;
			};
			name = Release;
		};
		1DEB923608733DC60010E9CD /* Debug */ = {
			isa = XCBuildConfiguration;
			buildSettings = {
				ARCHS = "$(ARCHS_STANDARD_32_BIT)";
				FRAMEWORK_SEARCH_PATHS = ../shttpd;
				GCC_C_LANGUAGE_STANDARD = c99;
				GCC_OPTIMIZATION_LEVEL = 0;
				GCC_WARN_ABOUT_RETURN_TYPE = YES;
				GCC_WARN_UNUSED_VARIABLE = YES;
				HEADER_SEARCH_PATHS = (
					lib_json,
					../shttpd,
				);
				LIBRARY_SEARCH_PATHS = ../shttpd;
				ONLY_ACTIVE_ARCH = YES;
				PREBINDING = NO;
				PRODUCT_NAME = mushiServer;
				SDKROOT = macosx10.5;
			};
			name = Debug;
		};
		1DEB923708733DC60010E9CD /* Release */ = {
			isa = XCBuildConfiguration;
			buildSettings = {
				ARCHS = "$(ARCHS_STANDARD_32_BIT)";
				GCC_C_LANGUAGE_STANDARD = c99;
				GCC_WARN_ABOUT_RETURN_TYPE = YES;
				GCC_WARN_UNUSED_VARIABLE = YES;
				PREBINDING = NO;
				SDKROOT = macosx10.5;
			};
			name = Release;
		};
/* End XCBuildConfiguration section */

/* Begin XCConfigurationList section */
		1DEB923108733DC60010E9CD /* Build configuration list for PBXNativeTarget "mushiServer" */ = {
			isa = XCConfigurationList;
			buildConfigurations = (
				1DEB923208733DC60010E9CD /* Debug */,
				1DEB923308733DC60010E9CD /* Release */,
			);
			defaultConfigurationIsVisible = 0;
			defaultConfigurationName = Release;
		};
		1DEB923508733DC60010E9CD /* Build configuration list for PBXProject "server" */ = {
			isa = XCConfigurationList;
			buildConfigurations = (
				1DEB923608733DC60010E9CD /* Debug */,
				1DEB923708733DC60010E9CD /* Release */,
			);
			defaultConfigurationIsVisible = 0;
			defaultConfigurationName = Release;
		};
/* End XCConfigurationList section */
	};
	rootObject = 08FB7793FE84155DC02AAC07 /* Project object */;
}
